{
  "name": "scripts",
  "version": "1.0.0",
  "lockfileVersion": 1,
  "requires": true,
  "dependencies": {
    "@schemastore/package": {
      "version": "0.0.5",
      "resolved": "https://registry.npmjs.org/@schemastore/package/-/package-0.0.5.tgz",
      "integrity": "sha512-0XEiMT/Rh8I0SEIO81fo5MN3AHhONFv9SJ1IIJ5OTI3PN/jG032OPlHUMxvrun7yc6YUGtufVg2WPQVK8PaH5Q==",
      "dev": true
    },
    "@types/node": {
      "version": "14.0.13",
      "resolved": "https://registry.npmjs.org/@types/node/-/node-14.0.13.tgz",
      "integrity": "sha512-rouEWBImiRaSJsVA+ITTFM6ZxibuAlTuNOCyxVbwreu6k6+ujs7DfnU9o+PShFhET78pMBl3eH+AGSI5eOTkPA==",
      "dev": true
    },
    "prettier": {
      "version": "2.0.5",
      "resolved": "https://registry.npmjs.org/prettier/-/prettier-2.0.5.tgz",
      "integrity": "sha512-7PtVymN48hGcO4fGjybyBSIWDsLU4H4XlvOHfq91pz9kkGlonzwTfYkaIEwiRg/dAJF9YlbsduBAgtYLi+8cFg==",
      "dev": true
    },
    "prettier-config-ackama": {
      "version": "0.1.2",
      "resolved": "https://registry.npmjs.org/prettier-config-ackama/-/prettier-config-ackama-0.1.2.tgz",
      "integrity": "sha512-ASax4E/pbyMdo0RxBX/UAdmb5mIDJc6pT6lCRDeKJuXIxxmRdk8xLga+KvqyN1VkJ4wWiyFPZ63R8W9ZHwYyhA==",
      "dev": true
    },
    "typescript": {
      "version": "3.9.5",
      "resolved": "https://registry.npmjs.org/typescript/-/typescript-3.9.5.tgz",
      "integrity": "sha512-hSAifV3k+i6lEoCJ2k6R2Z/rp/H3+8sdmcn5NrS3/3kE7+RyZXm9aqvxWqjEXHAd8b0pShatpcdMTvEdvAJltQ==",
      "dev": true
    }
  }
}
